
Microsoft Visual Studio Solution File, Format Version 12.00
# Visual Studio Version 17
VisualStudioVersion = 17.8.34525.116
MinimumVisualStudioVersion = 10.0.40219.1
Project("{8BC9CEB8-8B4A-11D0-8D11-00A0C91BC942}") = "gamePlaceholder", "gamePlaceholder\gamePlaceholder.vcxproj", "{844539FB-DEE6-4FD6-A4DD-4939ECDAC37E}"
EndProject
Global
	GlobalSection(SolutionConfigurationPlatforms) = preSolution
		Debug|x64 = Debug|x64
		Debug|x86 = Debug|x86
		Release|x64 = Release|x64
		Release|x86 = Release|x86
	EndGlobalSection
	GlobalSection(ProjectConfigurationPlatforms) = postSolution
		{844539FB-DEE6-4FD6-A4DD-4939ECDAC37E}.Debug|x64.ActiveCfg = Debug|x64
		{844539FB-DEE6-4FD6-A4DD-4939ECDAC37E}.Debug|x64.Build.0 = Debug|x64
		{844539FB-DEE6-4FD6-A4DD-4939ECDAC37E}.Debug|x86.ActiveCfg = Debug|Win32
		{844539FB-DEE6-4FD6-A4DD-4939ECDAC37E}.Debug|x86.Build.0 = Debug|Win32
		{844539FB-DEE6-4FD6-A4DD-4939ECDAC37E}.Release|x64.ActiveCfg = Release|x64
		{844539FB-DEE6-4FD6-A4DD-4939ECDAC37E}.Release|x64.Build.0 = Release|x64
		{844539FB-DEE6-4FD6-A4DD-4939ECDAC37E}.Release|x86.ActiveCfg = Release|Win32
		{844539FB-DEE6-4FD6-A4DD-4939ECDAC37E}.Release|x86.Build.0 = Release|Win32
	EndGlobalSection
	GlobalSection(SolutionProperties) = preSolution
		HideSolutionNode = FALSE
	EndGlobalSection
	GlobalSection(ExtensibilityGlobals) = postSolution
		SolutionGuid = {4D2C4417-804C-4254-ABFB-2871ACF32532}
	EndGlobalSection
EndGlobal
